
Microsoft Visual Studio Solution File, Format Version 12.00
# Visual Studio Version 17
VisualStudioVersion = 17.3.32922.545
MinimumVisualStudioVersion = 10.0.40219.1
Project("{9A19103F-16F7-4668-BE54-9A1E7A4F7556}") = "AluguelRV.Api", "AluguelRV\AluguelRV.Api.csproj", "{E788CC2C-9DA0-4106-A32D-EA844E0010B9}"
	ProjectSection(ProjectDependencies) = postProject
		{332853AD-10D6-45AF-B9A8-46C4E9CA3585} = {332853AD-10D6-45AF-B9A8-46C4E9CA3585}
	EndProjectSection
EndProject
Project("{2150E333-8FDC-42A3-9474-1A3956D46DE8}") = "Solution Items", "Solution Items", "{08CDF122-787E-4AEF-A18B-8DB39255CAF7}"
	ProjectSection(SolutionItems) = preProject
		.editorconfig = .editorconfig
		to-do.yaml = to-do.yaml
	EndProjectSection
EndProject
Project("{00D1A9C2-B5F0-4AF3-8072-F6C62B433612}") = "AluguelDB", "AluguelDB\AluguelDB.sqlproj", "{B9AF9E0A-500D-4A7F-817C-830D177FD987}"
EndProject
Project("{9A19103F-16F7-4668-BE54-9A1E7A4F7556}") = "AluguelRV.Core", "AluguelRV.Core\AluguelRV.Core.csproj", "{332853AD-10D6-45AF-B9A8-46C4E9CA3585}"
EndProject
Project("{9A19103F-16F7-4668-BE54-9A1E7A4F7556}") = "AluguelRV.Client", "AluguelRV.Client\AluguelRV.Client.csproj", "{F5AC3DD2-17A3-4F2E-B2E2-B6D564C66AD1}"
	ProjectSection(ProjectDependencies) = postProject
		{332853AD-10D6-45AF-B9A8-46C4E9CA3585} = {332853AD-10D6-45AF-B9A8-46C4E9CA3585}
	EndProjectSection
EndProject
Project("{9A19103F-16F7-4668-BE54-9A1E7A4F7556}") = "AluguelRV.Shared", "AluguelRV.Shared\AluguelRV.Shared.csproj", "{E9FE7D97-68DF-43C0-BDE0-18063666A134}"
EndProject
Global
	GlobalSection(SolutionConfigurationPlatforms) = preSolution
		Debug|Any CPU = Debug|Any CPU
		Release|Any CPU = Release|Any CPU
	EndGlobalSection
	GlobalSection(ProjectConfigurationPlatforms) = postSolution
		{E788CC2C-9DA0-4106-A32D-EA844E0010B9}.Debug|Any CPU.ActiveCfg = Debug|Any CPU
		{E788CC2C-9DA0-4106-A32D-EA844E0010B9}.Debug|Any CPU.Build.0 = Debug|Any CPU
		{E788CC2C-9DA0-4106-A32D-EA844E0010B9}.Release|Any CPU.ActiveCfg = Release|Any CPU
		{E788CC2C-9DA0-4106-A32D-EA844E0010B9}.Release|Any CPU.Build.0 = Release|Any CPU
		{B9AF9E0A-500D-4A7F-817C-830D177FD987}.Debug|Any CPU.ActiveCfg = Debug|Any CPU
		{B9AF9E0A-500D-4A7F-817C-830D177FD987}.Debug|Any CPU.Build.0 = Debug|Any CPU
		{B9AF9E0A-500D-4A7F-817C-830D177FD987}.Debug|Any CPU.Deploy.0 = Debug|Any CPU
		{B9AF9E0A-500D-4A7F-817C-830D177FD987}.Release|Any CPU.ActiveCfg = Release|Any CPU
		{B9AF9E0A-500D-4A7F-817C-830D177FD987}.Release|Any CPU.Build.0 = Release|Any CPU
		{B9AF9E0A-500D-4A7F-817C-830D177FD987}.Release|Any CPU.Deploy.0 = Release|Any CPU
		{332853AD-10D6-45AF-B9A8-46C4E9CA3585}.Debug|Any CPU.ActiveCfg = Debug|Any CPU
		{332853AD-10D6-45AF-B9A8-46C4E9CA3585}.Debug|Any CPU.Build.0 = Debug|Any CPU
		{332853AD-10D6-45AF-B9A8-46C4E9CA3585}.Release|Any CPU.ActiveCfg = Release|Any CPU
		{332853AD-10D6-45AF-B9A8-46C4E9CA3585}.Release|Any CPU.Build.0 = Release|Any CPU
		{F5AC3DD2-17A3-4F2E-B2E2-B6D564C66AD1}.Debug|Any CPU.ActiveCfg = Debug|Any CPU
		{F5AC3DD2-17A3-4F2E-B2E2-B6D564C66AD1}.Debug|Any CPU.Build.0 = Debug|Any CPU
		{F5AC3DD2-17A3-4F2E-B2E2-B6D564C66AD1}.Release|Any CPU.ActiveCfg = Release|Any CPU
		{F5AC3DD2-17A3-4F2E-B2E2-B6D564C66AD1}.Release|Any CPU.Build.0 = Release|Any CPU
		{E9FE7D97-68DF-43C0-BDE0-18063666A134}.Debug|Any CPU.ActiveCfg = Debug|Any CPU
		{E9FE7D97-68DF-43C0-BDE0-18063666A134}.Debug|Any CPU.Build.0 = Debug|Any CPU
		{E9FE7D97-68DF-43C0-BDE0-18063666A134}.Release|Any CPU.ActiveCfg = Release|Any CPU
		{E9FE7D97-68DF-43C0-BDE0-18063666A134}.Release|Any CPU.Build.0 = Release|Any CPU
	EndGlobalSection
	GlobalSection(SolutionProperties) = preSolution
		HideSolutionNode = FALSE
	EndGlobalSection
	GlobalSection(ExtensibilityGlobals) = postSolution
		SolutionGuid = {7AD024C7-32A0-4F31-9A17-DD7AAF74B3EB}
	EndGlobalSection
EndGlobal
